// !$*UTF8*$!
{
	archiveVersion = 1;
	classes = {
	};
	objectVersion = 56;
	objects = {

/* Begin PBXBuildFile section */
		8702E58B2CB3025600F3CE7E /* FetchRecipesApp.swift in Sources */ = {isa = PBXBuildFile; fileRef = 8702E58A2CB3025600F3CE7E /* FetchRecipesApp.swift */; };
		8702E58D2CB3025600F3CE7E /* ContentView.swift in Sources */ = {isa = PBXBuildFile; fileRef = 8702E58C2CB3025600F3CE7E /* ContentView.swift */; };
		8702E58F2CB3025800F3CE7E /* Assets.xcassets in Resources */ = {isa = PBXBuildFile; fileRef = 8702E58E2CB3025800F3CE7E /* Assets.xcassets */; };
		8702E5922CB3025800F3CE7E /* Preview Assets.xcassets in Resources */ = {isa = PBXBuildFile; fileRef = 8702E5912CB3025800F3CE7E /* Preview Assets.xcassets */; };
		8702E5992CB3041B00F3CE7E /* LocalPackages in Resources */ = {isa = PBXBuildFile; fileRef = 8702E5982CB3041B00F3CE7E /* LocalPackages */; };
		8702E5A42CB3EF7B00F3CE7E /* FetchAppUI in Frameworks */ = {isa = PBXBuildFile; productRef = 8702E5A32CB3EF7B00F3CE7E /* FetchAppUI */; };
		8702E5A82CB40F8400F3CE7E /* FetchAppService in Frameworks */ = {isa = PBXBuildFile; productRef = 8702E5A72CB40F8400F3CE7E /* FetchAppService */; };
/* End PBXBuildFile section */

/* Begin PBXFileReference section */
		8702E5872CB3025600F3CE7E /* FetchRecipes.app */ = {isa = PBXFileReference; explicitFileType = wrapper.application; includeInIndex = 0; path = FetchRecipes.app; sourceTree = BUILT_PRODUCTS_DIR; };
		8702E58A2CB3025600F3CE7E /* FetchRecipesApp.swift */ = {isa = PBXFileReference; lastKnownFileType = sourcecode.swift; path = FetchRecipesApp.swift; sourceTree = "<group>"; };
		8702E58C2CB3025600F3CE7E /* ContentView.swift */ = {isa = PBXFileReference; lastKnownFileType = sourcecode.swift; path = ContentView.swift; sourceTree = "<group>"; };
		8702E58E2CB3025800F3CE7E /* Assets.xcassets */ = {isa = PBXFileReference; lastKnownFileType = folder.assetcatalog; path = Assets.xcassets; sourceTree = "<group>"; };
		8702E5912CB3025800F3CE7E /* Preview Assets.xcassets */ = {isa = PBXFileReference; lastKnownFileType = folder.assetcatalog; path = "Preview Assets.xcassets"; sourceTree = "<group>"; };
		8702E5982CB3041B00F3CE7E /* LocalPackages */ = {isa = PBXFileReference; lastKnownFileType = wrapper; name = LocalPackages; path = FetchRecipes/LocalPackages; sourceTree = "<group>"; };
/* End PBXFileReference section */

/* Begin PBXFrameworksBuildPhase section */
		8702E5842CB3025600F3CE7E /* Frameworks */ = {
			isa = PBXFrameworksBuildPhase;
			buildActionMask = 2147483647;
			files = (
				8702E5A42CB3EF7B00F3CE7E /* FetchAppUI in Frameworks */,
				8702E5A82CB40F8400F3CE7E /* FetchAppService in Frameworks */,
			);
			runOnlyForDeploymentPostprocessing = 0;
		};
/* End PBXFrameworksBuildPhase section */

/* Begin PBXGroup section */
		8702E57E2CB3025600F3CE7E = {
			isa = PBXGroup;
			children = (
				8702E5982CB3041B00F3CE7E /* LocalPackages */,
				8702E5892CB3025600F3CE7E /* FetchRecipes */,
				8702E5882CB3025600F3CE7E /* Products */,
				8702E59A2CB3061B00F3CE7E /* Frameworks */,
			);
			sourceTree = "<group>";
		};
		8702E5882CB3025600F3CE7E /* Products */ = {
			isa = PBXGroup;
			children = (
				8702E5872CB3025600F3CE7E /* FetchRecipes.app */,
			);
			name = Products;
			sourceTree = "<group>";
		};
		8702E5892CB3025600F3CE7E /* FetchRecipes */ = {
			isa = PBXGroup;
			children = (
				8702E58A2CB3025600F3CE7E /* FetchRecipesApp.swift */,
				8702E58C2CB3025600F3CE7E /* ContentView.swift */,
				8702E58E2CB3025800F3CE7E /* Assets.xcassets */,
				8702E5902CB3025800F3CE7E /* Preview Content */,
			);
			path = FetchRecipes;
			sourceTree = "<group>";
		};
		8702E5902CB3025800F3CE7E /* Preview Content */ = {
			isa = PBXGroup;
			children = (
				8702E5912CB3025800F3CE7E /* Preview Assets.xcassets */,
			);
			path = "Preview Content";
			sourceTree = "<group>";
		};
		8702E59A2CB3061B00F3CE7E /* Frameworks */ = {
			isa = PBXGroup;
			children = (
			);
			name = Frameworks;
			sourceTree = "<group>";
		};
/* End PBXGroup section */

/* Begin PBXNativeTarget section */
		8702E5862CB3025600F3CE7E /* FetchRecipes */ = {
			isa = PBXNativeTarget;
			buildConfigurationList = 8702E5952CB3025800F3CE7E /* Build configuration list for PBXNativeTarget "FetchRecipes" */;
			buildPhases = (
				8702E5832CB3025600F3CE7E /* Sources */,
				8702E5842CB3025600F3CE7E /* Frameworks */,
				8702E5852CB3025600F3CE7E /* Resources */,
			);
			buildRules = (
			);
			dependencies = (
			);
			name = FetchRecipes;
			packageProductDependencies = (
				8702E5A32CB3EF7B00F3CE7E /* FetchAppUI */,
				8702E5A72CB40F8400F3CE7E /* FetchAppService */,
			);
			productName = FetchRecipes;
			productReference = 8702E5872CB3025600F3CE7E /* FetchRecipes.app */;
			productType = "com.apple.product-type.application";
		};
/* End PBXNativeTarget section */

/* Begin PBXProject section */
		8702E57F2CB3025600F3CE7E /* Project object */ = {
			isa = PBXProject;
			attributes = {
				BuildIndependentTargetsInParallel = 1;
				LastSwiftUpdateCheck = 1530;
				LastUpgradeCheck = 1530;
				TargetAttributes = {
					8702E5862CB3025600F3CE7E = {
						CreatedOnToolsVersion = 15.3;
					};
				};
			};
			buildConfigurationList = 8702E5822CB3025600F3CE7E /* Build configuration list for PBXProject "FetchRecipes" */;
			compatibilityVersion = "Xcode 14.0";
			developmentRegion = en;
			hasScannedForEncodings = 0;
			knownRegions = (
				en,
				Base,
			);
			mainGroup = 8702E57E2CB3025600F3CE7E;
			productRefGroup = 8702E5882CB3025600F3CE7E /* Products */;
			projectDirPath = "";
			projectRoot = "";
			targets = (
				8702E5862CB3025600F3CE7E /* FetchRecipes */,
			);
		};
/* End PBXProject section */

/* Begin PBXResourcesBuildPhase section */
		8702E5852CB3025600F3CE7E /* Resources */ = {
			isa = PBXResourcesBuildPhase;
			buildActionMask = 2147483647;
			files = (
				8702E5922CB3025800F3CE7E /* Preview Assets.xcassets in Resources */,
				8702E58F2CB3025800F3CE7E /* Assets.xcassets in Resources */,
				8702E5992CB3041B00F3CE7E /* LocalPackages in Resources */,
			);
			runOnlyForDeploymentPostprocessing = 0;
		};
/* End PBXResourcesBuildPhase section */

/* Begin PBXSourcesBuildPhase section */
		8702E5832CB3025600F3CE7E /* Sources */ = {
			isa = PBXSourcesBuildPhase;
			buildActionMask = 2147483647;
			files = (
				8702E58D2CB3025600F3CE7E /* ContentView.swift in Sources */,
				8702E58B2CB3025600F3CE7E /* FetchRecipesApp.swift in Sources */,
			);
			runOnlyForDeploymentPostprocessing = 0;
		};
/* End PBXSourcesBuildPhase section */

/* Begin XCBuildConfiguration section */
		8702E5932CB3025800F3CE7E /* Debug */ = {
			isa = XCBuildConfiguration;
			buildSettings = {
				ALWAYS_SEARCH_USER_PATHS = NO;
				ASSETCATALOG_COMPILER_GENERATE_SWIFT_ASSET_SYMBOL_EXTENSIONS = YES;
				CLANG_ANALYZER_NONNULL = YES;
				CLANG_ANALYZER_NUMBER_OBJECT_CONVERSION = YES_AGGRESSIVE;
				CLANG_CXX_LANGUAGE_STANDARD = "gnu++20";
				CLANG_ENABLE_MODULES = YES;
				CLANG_ENABLE_OBJC_ARC = YES;
				CLANG_ENABLE_OBJC_WEAK = YES;
				CLANG_WARN_BLOCK_CAPTURE_AUTORELEASING = YES;
				CLANG_WARN_BOOL_CONVERSION = YES;
				CLANG_WARN_COMMA = YES;
				CLANG_WARN_CONSTANT_CONVERSION = YES;
				CLANG_WARN_DEPRECATED_OBJC_IMPLEMENTATIONS = YES;
				CLANG_WARN_DIRECT_OBJC_ISA_USAGE = YES_ERROR;
				CLANG_WARN_DOCUMENTATION_COMMENTS = YES;
				CLANG_WARN_EMPTY_BODY = YES;
				CLANG_WARN_ENUM_CONVERSION = YES;
				CLANG_WARN_INFINITE_RECURSION = YES;
				CLANG_WARN_INT_CONVERSION = YES;
				CLANG_WARN_NON_LITERAL_NULL_CONVERSION = YES;
				CLANG_WARN_OBJC_IMPLICIT_RETAIN_SELF = YES;
				CLANG_WARN_OBJC_LITERAL_CONVERSION = YES;
				CLANG_WARN_OBJC_ROOT_CLASS = YES_ERROR;
				CLANG_WARN_QUOTED_INCLUDE_IN_FRAMEWORK_HEADER = YES;
				CLANG_WARN_RANGE_LOOP_ANALYSIS = YES;
				CLANG_WARN_STRICT_PROTOTYPES = YES;
				CLANG_WARN_SUSPICIOUS_MOVE = YES;
				CLANG_WARN_UNGUARDED_AVAILABILITY = YES_AGGRESSIVE;
				CLANG_WARN_UNREACHABLE_CODE = YES;
				CLANG_WARN__DUPLICATE_METHOD_MATCH = YES;
				COPY_PHASE_STRIP = NO;
				DEBUG_INFORMATION_FORMAT = dwarf;
				ENABLE_STRICT_OBJC_MSGSEND = YES;
				ENABLE_TESTABILITY = YES;
				ENABLE_USER_SCRIPT_SANDBOXING = YES;
				GCC_C_LANGUAGE_STANDARD = gnu17;
				GCC_DYNAMIC_NO_PIC = NO;
				GCC_NO_COMMON_BLOCKS = YES;
				GCC_OPTIMIZATION_LEVEL = 0;
				GCC_PREPROCESSOR_DEFINITIONS = (
					"DEBUG=1",
					"$(inherited)",
				);
				GCC_WARN_64_TO_32_BIT_CONVERSION = YES;
				GCC_WARN_ABOUT_RETURN_TYPE = YES_ERROR;
				GCC_WARN_UNDECLARED_SELECTOR = YES;
				GCC_WARN_UNINITIALIZED_AUTOS = YES_AGGRESSIVE;
				GCC_WARN_UNUSED_FUNCTION = YES;
				GCC_WARN_UNUSED_VARIABLE = YES;
				IPHONEOS_DEPLOYMENT_TARGET = 17.4;
				LOCALIZATION_PREFERS_STRING_CATALOGS = YES;
				MTL_ENABLE_DEBUG_INFO = INCLUDE_SOURCE;
				MTL_FAST_MATH = YES;
				ONLY_ACTIVE_ARCH = YES;
				SDKROOT = iphoneos;
				SWIFT_ACTIVE_COMPILATION_CONDITIONS = "DEBUG $(inherited)";
				SWIFT_OPTIMIZATION_LEVEL = "-Onone";
			};
			name = Debug;
		};
		8702E5942CB3025800F3CE7E /* Release */ = {
			isa = XCBuildConfiguration;
			buildSettings = {
				ALWAYS_SEARCH_USER_PATHS = NO;
				ASSETCATALOG_COMPILER_GENERATE_SWIFT_ASSET_SYMBOL_EXTENSIONS = YES;
				CLANG_ANALYZER_NONNULL = YES;
				CLANG_ANALYZER_NUMBER_OBJECT_CONVERSION = YES_AGGRESSIVE;
				CLANG_CXX_LANGUAGE_STANDARD = "gnu++20";
				CLANG_ENABLE_MODULES = YES;
				CLANG_ENABLE_OBJC_ARC = YES;
				CLANG_ENABLE_OBJC_WEAK = YES;
				CLANG_WARN_BLOCK_CAPTURE_AUTORELEASING = YES;
				CLANG_WARN_BOOL_CONVERSION = YES;
				CLANG_WARN_COMMA = YES;
				CLANG_WARN_CONSTANT_CONVERSION = YES;
				CLANG_WARN_DEPRECATED_OBJC_IMPLEMENTATIONS = YES;
				CLANG_WARN_DIRECT_OBJC_ISA_USAGE = YES_ERROR;
				CLANG_WARN_DOCUMENTATION_COMMENTS = YES;
				CLANG_WARN_EMPTY_BODY = YES;
				CLANG_WARN_ENUM_CONVERSION = YES;
				CLANG_WARN_INFINITE_RECURSION = YES;
				CLANG_WARN_INT_CONVERSION = YES;
				CLANG_WARN_NON_LITERAL_NULL_CONVERSION = YES;
				CLANG_WARN_OBJC_IMPLICIT_RETAIN_SELF = YES;
				CLANG_WARN_OBJC_LITERAL_CONVERSION = YES;
				CLANG_WARN_OBJC_ROOT_CLASS = YES_ERROR;
				CLANG_WARN_QUOTED_INCLUDE_IN_FRAMEWORK_HEADER = YES;
				CLANG_WARN_RANGE_LOOP_ANALYSIS = YES;
				CLANG_WARN_STRICT_PROTOTYPES = YES;
				CLANG_WARN_SUSPICIOUS_MOVE = YES;
				CLANG_WARN_UNGUARDED_AVAILABILITY = YES_AGGRESSIVE;
				CLANG_WARN_UNREACHABLE_CODE = YES;
				CLANG_WARN__DUPLICATE_METHOD_MATCH = YES;
				COPY_PHASE_STRIP = NO;
				DEBUG_INFORMATION_FORMAT = "dwarf-with-dsym";
				ENABLE_NS_ASSERTIONS = NO;
				ENABLE_STRICT_OBJC_MSGSEND = YES;
				ENABLE_USER_SCRIPT_SANDBOXING = YES;
				GCC_C_LANGUAGE_STANDARD = gnu17;
				GCC_NO_COMMON_BLOCKS = YES;
				GCC_WARN_64_TO_32_BIT_CONVERSION = YES;
				GCC_WARN_ABOUT_RETURN_TYPE = YES_ERROR;
				GCC_WARN_UNDECLARED_SELECTOR = YES;
				GCC_WARN_UNINITIALIZED_AUTOS = YES_AGGRESSIVE;
				GCC_WARN_UNUSED_FUNCTION = YES;
				GCC_WARN_UNUSED_VARIABLE = YES;
				IPHONEOS_DEPLOYMENT_TARGET = 17.4;
				LOCALIZATION_PREFERS_STRING_CATALOGS = YES;
				MTL_ENABLE_DEBUG_INFO = NO;
				MTL_FAST_MATH = YES;
				SDKROOT = iphoneos;
				SWIFT_COMPILATION_MODE = wholemodule;
				VALIDATE_PRODUCT = YES;
			};
			name = Release;
		};
		8702E5962CB3025800F3CE7E /* Debug */ = {
			isa = XCBuildConfiguration;
			buildSettings = {
				ASSETCATALOG_COMPILER_APPICON_NAME = AppIcon;
				ASSETCATALOG_COMPILER_GLOBAL_ACCENT_COLOR_NAME = AccentColor;
				CODE_SIGN_STYLE = Automatic;
				CURRENT_PROJECT_VERSION = 1;
				DEVELOPMENT_ASSET_PATHS = "\"FetchRecipes/Preview Content\"";
				DEVELOPMENT_TEAM = 29BJ56NJ82;
				ENABLE_PREVIEWS = YES;
				GENERATE_INFOPLIST_FILE = YES;
				INFOPLIST_KEY_UIApplicationSceneManifest_Generation = YES;
				INFOPLIST_KEY_UIApplicationSupportsIndirectInputEvents = YES;
				INFOPLIST_KEY_UILaunchScreen_Generation = YES;
				INFOPLIST_KEY_UISupportedInterfaceOrientations_iPad = "UIInterfaceOrientationPortrait UIInterfaceOrientationPortraitUpsideDown UIInterfaceOrientationLandscapeLeft UIInterfaceOrientationLandscapeRight";
				INFOPLIST_KEY_UISupportedInterfaceOrientations_iPhone = "UIInterfaceOrientationPortrait UIInterfaceOrientationLandscapeLeft UIInterfaceOrientationLandscapeRight";
				IPHONEOS_DEPLOYMENT_TARGET = 17.0;
				LD_RUNPATH_SEARCH_PATHS = (
					"$(inherited)",
					"@executable_path/Frameworks",
				);
				MARKETING_VERSION = 1.0;
				PRODUCT_BUNDLE_IDENTIFIER = com.example.FetchRecipes;
				PRODUCT_NAME = "$(TARGET_NAME)";
				SWIFT_EMIT_LOC_STRINGS = YES;
				SWIFT_VERSION = 5.0;
				TARGETED_DEVICE_FAMILY = "1,2";
			};
			name = Debug;
		};
		8702E5972CB3025800F3CE7E /* Release */ = {
			isa = XCBuildConfiguration;
			buildSettings = {
				ASSETCATALOG_COMPILER_APPICON_NAME = AppIcon;
				ASSETCATALOG_COMPILER_GLOBAL_ACCENT_COLOR_NAME = AccentColor;
				CODE_SIGN_STYLE = Automatic;
				CURRENT_PROJECT_VERSION = 1;
				DEVELOPMENT_ASSET_PATHS = "\"FetchRecipes/Preview Content\"";
				DEVELOPMENT_TEAM = 29BJ56NJ82;
				ENABLE_PREVIEWS = YES;
				GENERATE_INFOPLIST_FILE = YES;
				INFOPLIST_KEY_UIApplicationSceneManifest_Generation = YES;
				INFOPLIST_KEY_UIApplicationSupportsIndirectInputEvents = YES;
				INFOPLIST_KEY_UILaunchScreen_Generation = YES;
				INFOPLIST_KEY_UISupportedInterfaceOrientations_iPad = "UIInterfaceOrientationPortrait UIInterfaceOrientationPortraitUpsideDown UIInterfaceOrientationLandscapeLeft UIInterfaceOrientationLandscapeRight";
				INFOPLIST_KEY_UISupportedInterfaceOrientations_iPhone = "UIInterfaceOrientationPortrait UIInterfaceOrientationLandscapeLeft UIInterfaceOrientationLandscapeRight";
				IPHONEOS_DEPLOYMENT_TARGET = 17.0;
				LD_RUNPATH_SEARCH_PATHS = (
					"$(inherited)",
					"@executable_path/Frameworks",
				);
				MARKETING_VERSION = 1.0;
				PRODUCT_BUNDLE_IDENTIFIER = com.example.FetchRecipes;
				PRODUCT_NAME = "$(TARGET_NAME)";
				SWIFT_EMIT_LOC_STRINGS = YES;
				SWIFT_VERSION = 5.0;
				TARGETED_DEVICE_FAMILY = "1,2";
			};
			name = Release;
		};
/* End XCBuildConfiguration section */

/* Begin XCConfigurationList section */
		8702E5822CB3025600F3CE7E /* Build configuration list for PBXProject "FetchRecipes" */ = {
			isa = XCConfigurationList;
			buildConfigurations = (
				8702E5932CB3025800F3CE7E /* Debug */,
				8702E5942CB3025800F3CE7E /* Release */,
			);
			defaultConfigurationIsVisible = 0;
			defaultConfigurationName = Release;
		};
		8702E5952CB3025800F3CE7E /* Build configuration list for PBXNativeTarget "FetchRecipes" */ = {
			isa = XCConfigurationList;
			buildConfigurations = (
				8702E5962CB3025800F3CE7E /* Debug */,
				8702E5972CB3025800F3CE7E /* Release */,
			);
			defaultConfigurationIsVisible = 0;
			defaultConfigurationName = Release;
		};
/* End XCConfigurationList section */

/* Begin XCSwiftPackageProductDependency section */
		8702E5A32CB3EF7B00F3CE7E /* FetchAppUI */ = {
			isa = XCSwiftPackageProductDependency;
			productName = FetchAppUI;
		};
		8702E5A72CB40F8400F3CE7E /* FetchAppService */ = {
			isa = XCSwiftPackageProductDependency;
			productName = FetchAppService;
		};
/* End XCSwiftPackageProductDependency section */
	};
	rootObject = 8702E57F2CB3025600F3CE7E /* Project object */;
}
